
Microsoft Visual Studio Solution File, Format Version 12.00
# Visual Studio Version 17
VisualStudioVersion = 17.14.36408.4
MinimumVisualStudioVersion = 10.0.40219.1
Project("{FAE04EC0-301F-11D3-BF4B-00C04F79EFBC}") = "ConsoleApp", "SistemaDePagos\ConsoleApp.csproj", "{D211212A-B2DF-4D84-92A1-8A96DEA17F39}"
EndProject
Project("{FAE04EC0-301F-11D3-BF4B-00C04F79EFBC}") = "Domain", "ClassLibrary\Domain.csproj", "{0D5176AB-226F-485A-85D5-88BFD8AD0145}"
EndProject
Project("{FAE04EC0-301F-11D3-BF4B-00C04F79EFBC}") = "webApp", "client\webApp.csproj", "{B64A81AD-A433-4345-8CA1-BF23C45527CF}"
EndProject
Global
	GlobalSection(SolutionConfigurationPlatforms) = preSolution
		Debug|Any CPU = Debug|Any CPU
		Release|Any CPU = Release|Any CPU
	EndGlobalSection
	GlobalSection(ProjectConfigurationPlatforms) = postSolution
		{D211212A-B2DF-4D84-92A1-8A96DEA17F39}.Debug|Any CPU.ActiveCfg = Debug|Any CPU
		{D211212A-B2DF-4D84-92A1-8A96DEA17F39}.Debug|Any CPU.Build.0 = Debug|Any CPU
		{D211212A-B2DF-4D84-92A1-8A96DEA17F39}.Release|Any CPU.ActiveCfg = Release|Any CPU
		{D211212A-B2DF-4D84-92A1-8A96DEA17F39}.Release|Any CPU.Build.0 = Release|Any CPU
		{0D5176AB-226F-485A-85D5-88BFD8AD0145}.Debug|Any CPU.ActiveCfg = Debug|Any CPU
		{0D5176AB-226F-485A-85D5-88BFD8AD0145}.Debug|Any CPU.Build.0 = Debug|Any CPU
		{0D5176AB-226F-485A-85D5-88BFD8AD0145}.Release|Any CPU.ActiveCfg = Release|Any CPU
		{0D5176AB-226F-485A-85D5-88BFD8AD0145}.Release|Any CPU.Build.0 = Release|Any CPU
		{B64A81AD-A433-4345-8CA1-BF23C45527CF}.Debug|Any CPU.ActiveCfg = Debug|Any CPU
		{B64A81AD-A433-4345-8CA1-BF23C45527CF}.Debug|Any CPU.Build.0 = Debug|Any CPU
		{B64A81AD-A433-4345-8CA1-BF23C45527CF}.Release|Any CPU.ActiveCfg = Release|Any CPU
		{B64A81AD-A433-4345-8CA1-BF23C45527CF}.Release|Any CPU.Build.0 = Release|Any CPU
	EndGlobalSection
	GlobalSection(SolutionProperties) = preSolution
		HideSolutionNode = FALSE
	EndGlobalSection
	GlobalSection(ExtensibilityGlobals) = postSolution
		SolutionGuid = {AD67D9BA-C617-44EA-B350-B43D7279227E}
	EndGlobalSection
EndGlobal
